
Microsoft Visual Studio Solution File, Format Version 12.00
# Visual Studio Version 16
VisualStudioVersion = 16.0.29806.167
MinimumVisualStudioVersion = 10.0.40219.1
Project("{2150E333-8FDC-42A3-9474-1A3956D46DE8}") = "Domain", "Domain", "{4BB9A61F-BCA2-4599-B6E1-1E2AFCE8A5EF}"
EndProject
Project("{2150E333-8FDC-42A3-9474-1A3956D46DE8}") = "Presentation", "Presentation", "{02031423-3B9F-4192-B01B-662CA0070C7A}"
EndProject
Project("{2150E333-8FDC-42A3-9474-1A3956D46DE8}") = "Infrastructure.Ioc", "Infrastructure.Ioc", "{C403204C-7177-4FDB-AC03-EBFC4BECE419}"
EndProject
Project("{2150E333-8FDC-42A3-9474-1A3956D46DE8}") = "Infrastructure.Bus", "Infrastructure.Bus", "{99672BEC-A8DC-4A11-B4D1-18DA0E0B458C}"
EndProject
Project("{2150E333-8FDC-42A3-9474-1A3956D46DE8}") = "Microservices", "Microservices", "{76F6B5A8-F159-4C64-90F5-6DC613386E11}"
EndProject
Project("{9A19103F-16F7-4668-BE54-9A1E7A4F7556}") = "RMQ.Domain.Core", "RMQ.Domain.Core\RMQ.Domain.Core.csproj", "{BD76B899-4D4D-449C-972E-7BC0116B1DFE}"
EndProject
Project("{9A19103F-16F7-4668-BE54-9A1E7A4F7556}") = "RMQ.Infrastructure.Bus", "RMQ.Infrastructure.Bus\RMQ.Infrastructure.Bus.csproj", "{80694931-2C95-463C-9EFE-E6A27674D7EF}"
EndProject
Project("{9A19103F-16F7-4668-BE54-9A1E7A4F7556}") = "RMQ.Infrastructure.IoC", "RMQ.Infrastructure.IoC\RMQ.Infrastructure.IoC.csproj", "{D3345018-0762-47AC-8A88-4DC0E6AB507C}"
EndProject
Project("{2150E333-8FDC-42A3-9474-1A3956D46DE8}") = "Banking", "Banking", "{864FDB54-6B32-4A30-A306-5B0665CB327C}"
EndProject
Project("{2150E333-8FDC-42A3-9474-1A3956D46DE8}") = "API", "API", "{0D4DB2BC-5EB9-4E2E-BDC0-C45713A0F0EB}"
EndProject
Project("{2150E333-8FDC-42A3-9474-1A3956D46DE8}") = "Application", "Application", "{2B0CA659-6D14-4A87-801C-31E6967F6151}"
EndProject
Project("{2150E333-8FDC-42A3-9474-1A3956D46DE8}") = "Data", "Data", "{66F87434-9A74-42D4-A973-FB078EC6535C}"
EndProject
Project("{2150E333-8FDC-42A3-9474-1A3956D46DE8}") = "Domain", "Domain", "{816373C7-8C64-43D1-AE84-3B7CD4A5633D}"
EndProject
Project("{9A19103F-16F7-4668-BE54-9A1E7A4F7556}") = "RMQ.Banking.API", "RMQ.Banking.API\RMQ.Banking.API.csproj", "{9292C379-2793-4139-A83B-85C67ACCBED2}"
EndProject
Project("{9A19103F-16F7-4668-BE54-9A1E7A4F7556}") = "RMQ.Banking.Application", "RMQ.Banking.Application\RMQ.Banking.Application.csproj", "{144B2D2A-33B9-4798-9665-478F77EDE9AD}"
EndProject
Project("{9A19103F-16F7-4668-BE54-9A1E7A4F7556}") = "RMQ.Banking.Data", "RMQ.Banking.Data\RMQ.Banking.Data.csproj", "{904E2CB9-7483-4855-BF40-DA8D516FF1BE}"
EndProject
Project("{9A19103F-16F7-4668-BE54-9A1E7A4F7556}") = "RMQ.Banking.Domain", "RMQ.Banking.Domain\RMQ.Banking.Domain.csproj", "{0B77E449-CA81-4F61-943A-3A98EDCF92D3}"
EndProject
Project("{2150E333-8FDC-42A3-9474-1A3956D46DE8}") = "Transfer", "Transfer", "{62EB3582-51C4-48AB-BD3A-621F449B28C2}"
EndProject
Project("{2150E333-8FDC-42A3-9474-1A3956D46DE8}") = "API", "API", "{696FF37C-8C4D-438D-BC34-6876410268C5}"
EndProject
Project("{2150E333-8FDC-42A3-9474-1A3956D46DE8}") = "Domain", "Domain", "{47B3827C-2E77-4006-8994-4FD4BA00512A}"
EndProject
Project("{2150E333-8FDC-42A3-9474-1A3956D46DE8}") = "Application", "Application", "{06BCDE2C-3ACD-490B-B4AF-50BA1FDBA2E3}"
EndProject
Project("{2150E333-8FDC-42A3-9474-1A3956D46DE8}") = "Data", "Data", "{464BFEA3-9A9D-41CA-BA20-5A556849C80E}"
EndProject
Project("{FAE04EC0-301F-11D3-BF4B-00C04F79EFBC}") = "RMQ.Transfer.API", "RMQ.Transfer.API\RMQ.Transfer.API.csproj", "{DC765C28-1156-425A-BB67-17BB9A09715B}"
EndProject
Project("{FAE04EC0-301F-11D3-BF4B-00C04F79EFBC}") = "RMQ.Transfer.Application", "RMQ.Transfer.Application\RMQ.Transfer.Application.csproj", "{C3F56E33-7C6F-4ED5-8622-0C60F6E4E2D4}"
EndProject
Project("{FAE04EC0-301F-11D3-BF4B-00C04F79EFBC}") = "RMQ.Transfer.Data", "RMQ.Transfer.Data\RMQ.Transfer.Data.csproj", "{C5F6914E-E412-4C30-B1F1-ECD60361ADA4}"
EndProject
Project("{FAE04EC0-301F-11D3-BF4B-00C04F79EFBC}") = "RMQ.Transfer.Domain", "RMQ.Transfer.Domain\RMQ.Transfer.Domain.csproj", "{546586BB-A87E-4CF8-8AE0-3506EE2DF0E8}"
EndProject
Global
	GlobalSection(SolutionConfigurationPlatforms) = preSolution
		Debug|Any CPU = Debug|Any CPU
		Release|Any CPU = Release|Any CPU
	EndGlobalSection
	GlobalSection(ProjectConfigurationPlatforms) = postSolution
		{BD76B899-4D4D-449C-972E-7BC0116B1DFE}.Debug|Any CPU.ActiveCfg = Debug|Any CPU
		{BD76B899-4D4D-449C-972E-7BC0116B1DFE}.Debug|Any CPU.Build.0 = Debug|Any CPU
		{BD76B899-4D4D-449C-972E-7BC0116B1DFE}.Release|Any CPU.ActiveCfg = Release|Any CPU
		{BD76B899-4D4D-449C-972E-7BC0116B1DFE}.Release|Any CPU.Build.0 = Release|Any CPU
		{80694931-2C95-463C-9EFE-E6A27674D7EF}.Debug|Any CPU.ActiveCfg = Debug|Any CPU
		{80694931-2C95-463C-9EFE-E6A27674D7EF}.Debug|Any CPU.Build.0 = Debug|Any CPU
		{80694931-2C95-463C-9EFE-E6A27674D7EF}.Release|Any CPU.ActiveCfg = Release|Any CPU
		{80694931-2C95-463C-9EFE-E6A27674D7EF}.Release|Any CPU.Build.0 = Release|Any CPU
		{D3345018-0762-47AC-8A88-4DC0E6AB507C}.Debug|Any CPU.ActiveCfg = Debug|Any CPU
		{D3345018-0762-47AC-8A88-4DC0E6AB507C}.Debug|Any CPU.Build.0 = Debug|Any CPU
		{D3345018-0762-47AC-8A88-4DC0E6AB507C}.Release|Any CPU.ActiveCfg = Release|Any CPU
		{D3345018-0762-47AC-8A88-4DC0E6AB507C}.Release|Any CPU.Build.0 = Release|Any CPU
		{9292C379-2793-4139-A83B-85C67ACCBED2}.Debug|Any CPU.ActiveCfg = Debug|Any CPU
		{9292C379-2793-4139-A83B-85C67ACCBED2}.Debug|Any CPU.Build.0 = Debug|Any CPU
		{9292C379-2793-4139-A83B-85C67ACCBED2}.Release|Any CPU.ActiveCfg = Release|Any CPU
		{9292C379-2793-4139-A83B-85C67ACCBED2}.Release|Any CPU.Build.0 = Release|Any CPU
		{144B2D2A-33B9-4798-9665-478F77EDE9AD}.Debug|Any CPU.ActiveCfg = Debug|Any CPU
		{144B2D2A-33B9-4798-9665-478F77EDE9AD}.Debug|Any CPU.Build.0 = Debug|Any CPU
		{144B2D2A-33B9-4798-9665-478F77EDE9AD}.Release|Any CPU.ActiveCfg = Release|Any CPU
		{144B2D2A-33B9-4798-9665-478F77EDE9AD}.Release|Any CPU.Build.0 = Release|Any CPU
		{904E2CB9-7483-4855-BF40-DA8D516FF1BE}.Debug|Any CPU.ActiveCfg = Debug|Any CPU
		{904E2CB9-7483-4855-BF40-DA8D516FF1BE}.Debug|Any CPU.Build.0 = Debug|Any CPU
		{904E2CB9-7483-4855-BF40-DA8D516FF1BE}.Release|Any CPU.ActiveCfg = Release|Any CPU
		{904E2CB9-7483-4855-BF40-DA8D516FF1BE}.Release|Any CPU.Build.0 = Release|Any CPU
		{0B77E449-CA81-4F61-943A-3A98EDCF92D3}.Debug|Any CPU.ActiveCfg = Debug|Any CPU
		{0B77E449-CA81-4F61-943A-3A98EDCF92D3}.Debug|Any CPU.Build.0 = Debug|Any CPU
		{0B77E449-CA81-4F61-943A-3A98EDCF92D3}.Release|Any CPU.ActiveCfg = Release|Any CPU
		{0B77E449-CA81-4F61-943A-3A98EDCF92D3}.Release|Any CPU.Build.0 = Release|Any CPU
		{DC765C28-1156-425A-BB67-17BB9A09715B}.Debug|Any CPU.ActiveCfg = Debug|Any CPU
		{DC765C28-1156-425A-BB67-17BB9A09715B}.Debug|Any CPU.Build.0 = Debug|Any CPU
		{DC765C28-1156-425A-BB67-17BB9A09715B}.Release|Any CPU.ActiveCfg = Release|Any CPU
		{DC765C28-1156-425A-BB67-17BB9A09715B}.Release|Any CPU.Build.0 = Release|Any CPU
		{C3F56E33-7C6F-4ED5-8622-0C60F6E4E2D4}.Debug|Any CPU.ActiveCfg = Debug|Any CPU
		{C3F56E33-7C6F-4ED5-8622-0C60F6E4E2D4}.Debug|Any CPU.Build.0 = Debug|Any CPU
		{C3F56E33-7C6F-4ED5-8622-0C60F6E4E2D4}.Release|Any CPU.ActiveCfg = Release|Any CPU
		{C3F56E33-7C6F-4ED5-8622-0C60F6E4E2D4}.Release|Any CPU.Build.0 = Release|Any CPU
		{C5F6914E-E412-4C30-B1F1-ECD60361ADA4}.Debug|Any CPU.ActiveCfg = Debug|Any CPU
		{C5F6914E-E412-4C30-B1F1-ECD60361ADA4}.Debug|Any CPU.Build.0 = Debug|Any CPU
		{C5F6914E-E412-4C30-B1F1-ECD60361ADA4}.Release|Any CPU.ActiveCfg = Release|Any CPU
		{C5F6914E-E412-4C30-B1F1-ECD60361ADA4}.Release|Any CPU.Build.0 = Release|Any CPU
		{546586BB-A87E-4CF8-8AE0-3506EE2DF0E8}.Debug|Any CPU.ActiveCfg = Debug|Any CPU
		{546586BB-A87E-4CF8-8AE0-3506EE2DF0E8}.Debug|Any CPU.Build.0 = Debug|Any CPU
		{546586BB-A87E-4CF8-8AE0-3506EE2DF0E8}.Release|Any CPU.ActiveCfg = Release|Any CPU
		{546586BB-A87E-4CF8-8AE0-3506EE2DF0E8}.Release|Any CPU.Build.0 = Release|Any CPU
	EndGlobalSection
	GlobalSection(SolutionProperties) = preSolution
		HideSolutionNode = FALSE
	EndGlobalSection
	GlobalSection(NestedProjects) = preSolution
		{BD76B899-4D4D-449C-972E-7BC0116B1DFE} = {4BB9A61F-BCA2-4599-B6E1-1E2AFCE8A5EF}
		{80694931-2C95-463C-9EFE-E6A27674D7EF} = {99672BEC-A8DC-4A11-B4D1-18DA0E0B458C}
		{D3345018-0762-47AC-8A88-4DC0E6AB507C} = {C403204C-7177-4FDB-AC03-EBFC4BECE419}
		{864FDB54-6B32-4A30-A306-5B0665CB327C} = {76F6B5A8-F159-4C64-90F5-6DC613386E11}
		{0D4DB2BC-5EB9-4E2E-BDC0-C45713A0F0EB} = {864FDB54-6B32-4A30-A306-5B0665CB327C}
		{2B0CA659-6D14-4A87-801C-31E6967F6151} = {864FDB54-6B32-4A30-A306-5B0665CB327C}
		{66F87434-9A74-42D4-A973-FB078EC6535C} = {864FDB54-6B32-4A30-A306-5B0665CB327C}
		{816373C7-8C64-43D1-AE84-3B7CD4A5633D} = {864FDB54-6B32-4A30-A306-5B0665CB327C}
		{9292C379-2793-4139-A83B-85C67ACCBED2} = {0D4DB2BC-5EB9-4E2E-BDC0-C45713A0F0EB}
		{144B2D2A-33B9-4798-9665-478F77EDE9AD} = {2B0CA659-6D14-4A87-801C-31E6967F6151}
		{904E2CB9-7483-4855-BF40-DA8D516FF1BE} = {66F87434-9A74-42D4-A973-FB078EC6535C}
		{0B77E449-CA81-4F61-943A-3A98EDCF92D3} = {816373C7-8C64-43D1-AE84-3B7CD4A5633D}
		{62EB3582-51C4-48AB-BD3A-621F449B28C2} = {76F6B5A8-F159-4C64-90F5-6DC613386E11}
		{696FF37C-8C4D-438D-BC34-6876410268C5} = {62EB3582-51C4-48AB-BD3A-621F449B28C2}
		{47B3827C-2E77-4006-8994-4FD4BA00512A} = {62EB3582-51C4-48AB-BD3A-621F449B28C2}
		{06BCDE2C-3ACD-490B-B4AF-50BA1FDBA2E3} = {62EB3582-51C4-48AB-BD3A-621F449B28C2}
		{464BFEA3-9A9D-41CA-BA20-5A556849C80E} = {62EB3582-51C4-48AB-BD3A-621F449B28C2}
		{DC765C28-1156-425A-BB67-17BB9A09715B} = {696FF37C-8C4D-438D-BC34-6876410268C5}
		{C3F56E33-7C6F-4ED5-8622-0C60F6E4E2D4} = {06BCDE2C-3ACD-490B-B4AF-50BA1FDBA2E3}
		{C5F6914E-E412-4C30-B1F1-ECD60361ADA4} = {464BFEA3-9A9D-41CA-BA20-5A556849C80E}
		{546586BB-A87E-4CF8-8AE0-3506EE2DF0E8} = {47B3827C-2E77-4006-8994-4FD4BA00512A}
	EndGlobalSection
	GlobalSection(ExtensibilityGlobals) = postSolution
		SolutionGuid = {1B5C42A6-009B-40DB-9C87-1E003FC12D1C}
	EndGlobalSection
EndGlobal
